
Microsoft Visual Studio Solution File, Format Version 12.00
# Visual Studio Version 17
VisualStudioVersion = 17.4.33403.182
MinimumVisualStudioVersion = 10.0.40219.1
Project("{9A19103F-16F7-4668-BE54-9A1E7A4F7556}") = "Dotnet-webapp", "Dotnet-webapp\Dotnet-webapp.csproj", "{C6D1DB4D-BD14-476A-90CB-48FEBF17B9DF}"
EndProject
Project("{FAE04EC0-301F-11D3-BF4B-00C04F79EFBC}") = "Dotnet-tests", "Dotnet-tests\Dotnet-tests.csproj", "{C6046389-0077-42AA-88E2-C5BDF318CDD9}"
EndProject
Global
	GlobalSection(SolutionConfigurationPlatforms) = preSolution
		Debug|Any CPU = Debug|Any CPU
		Release|Any CPU = Release|Any CPU
	EndGlobalSection
	GlobalSection(ProjectConfigurationPlatforms) = postSolution
		{C6D1DB4D-BD14-476A-90CB-48FEBF17B9DF}.Debug|Any CPU.ActiveCfg = Debug|Any CPU
		{C6D1DB4D-BD14-476A-90CB-48FEBF17B9DF}.Debug|Any CPU.Build.0 = Debug|Any CPU
		{C6D1DB4D-BD14-476A-90CB-48FEBF17B9DF}.Release|Any CPU.ActiveCfg = Release|Any CPU
		{C6D1DB4D-BD14-476A-90CB-48FEBF17B9DF}.Release|Any CPU.Build.0 = Release|Any CPU
		{C6046389-0077-42AA-88E2-C5BDF318CDD9}.Debug|Any CPU.ActiveCfg = Debug|Any CPU
		{C6046389-0077-42AA-88E2-C5BDF318CDD9}.Debug|Any CPU.Build.0 = Debug|Any CPU
		{C6046389-0077-42AA-88E2-C5BDF318CDD9}.Release|Any CPU.ActiveCfg = Release|Any CPU
		{C6046389-0077-42AA-88E2-C5BDF318CDD9}.Release|Any CPU.Build.0 = Release|Any CPU
	EndGlobalSection
	GlobalSection(SolutionProperties) = preSolution
		HideSolutionNode = FALSE
	EndGlobalSection
	GlobalSection(ExtensibilityGlobals) = postSolution
		SolutionGuid = {DBC65947-5401-4799-A715-8EBEE590AC00}
	EndGlobalSection
EndGlobal
